
Microsoft Visual Studio Solution File, Format Version 12.00
# Visual Studio 15
VisualStudioVersion = 15.0.28307.539
MinimumVisualStudioVersion = 10.0.40219.1
Project("{FAE04EC0-301F-11D3-BF4B-00C04F79EFBC}") = "ParseTest", "ParseTest\ParseTest.csproj", "{A9F71051-2B4A-40C8-AC83-720468AF657C}"
EndProject
Project("{FAE04EC0-301F-11D3-BF4B-00C04F79EFBC}") = "ParseLib", "ParseLib\ParseLib.csproj", "{70EED55C-D00A-4A2E-B811-1E9169007B8F}"
EndProject
Global
	GlobalSection(SolutionConfigurationPlatforms) = preSolution
		Debug|Any CPU = Debug|Any CPU
		Release|Any CPU = Release|Any CPU
	EndGlobalSection
	GlobalSection(ProjectConfigurationPlatforms) = postSolution
		{A9F71051-2B4A-40C8-AC83-720468AF657C}.Debug|Any CPU.ActiveCfg = Debug|Any CPU
		{A9F71051-2B4A-40C8-AC83-720468AF657C}.Debug|Any CPU.Build.0 = Debug|Any CPU
		{A9F71051-2B4A-40C8-AC83-720468AF657C}.Release|Any CPU.ActiveCfg = Release|Any CPU
		{A9F71051-2B4A-40C8-AC83-720468AF657C}.Release|Any CPU.Build.0 = Release|Any CPU
		{70EED55C-D00A-4A2E-B811-1E9169007B8F}.Debug|Any CPU.ActiveCfg = Debug|Any CPU
		{70EED55C-D00A-4A2E-B811-1E9169007B8F}.Debug|Any CPU.Build.0 = Debug|Any CPU
		{70EED55C-D00A-4A2E-B811-1E9169007B8F}.Release|Any CPU.ActiveCfg = Release|Any CPU
		{70EED55C-D00A-4A2E-B811-1E9169007B8F}.Release|Any CPU.Build.0 = Release|Any CPU
	EndGlobalSection
	GlobalSection(SolutionProperties) = preSolution
		HideSolutionNode = FALSE
	EndGlobalSection
	GlobalSection(ExtensibilityGlobals) = postSolution
		SolutionGuid = {47A1E9D7-AD66-4178-AB3D-D24D1CAA3BB6}
	EndGlobalSection
EndGlobal
